
Microsoft Visual Studio Solution File, Format Version 12.00
# Visual Studio Version 16
VisualStudioVersion = 16.0.31911.196
MinimumVisualStudioVersion = 10.0.40219.1
Project("{2150E333-8FDC-42A3-9474-1A3956D46DE8}") = "Session1", "Session1", "{B69CA07B-A65E-40A9-B3B7-F5867B521E10}"
EndProject
Project("{2150E333-8FDC-42A3-9474-1A3956D46DE8}") = "Session2", "Session2", "{8A000872-5AB6-47CA-B32B-818CD8DDC669}"
EndProject
Project("{2150E333-8FDC-42A3-9474-1A3956D46DE8}") = "Session3", "Session3", "{26BD6A94-5544-4286-8387-3429B1D869CE}"
EndProject
Project("{2150E333-8FDC-42A3-9474-1A3956D46DE8}") = "Chapter1", "Chapter1", "{8F4AF320-3BE5-4CE2-A53D-F05BDBA4777D}"
EndProject
Project("{2150E333-8FDC-42A3-9474-1A3956D46DE8}") = "Chapter2", "Chapter2", "{363044EE-5757-49E5-829F-22024361F050}"
EndProject
Project("{2150E333-8FDC-42A3-9474-1A3956D46DE8}") = "Chapter3", "Chapter3", "{FA8D0D98-8162-435A-BBB5-1EF2224C912B}"
EndProject
Project("{2150E333-8FDC-42A3-9474-1A3956D46DE8}") = "Sample1", "Sample1", "{440D679C-775F-496D-B7FD-094BDFDE0903}"
EndProject
Project("{2150E333-8FDC-42A3-9474-1A3956D46DE8}") = "Sample2", "Sample2", "{2727773A-EDE3-4544-AE93-E5D66EF4809F}"
EndProject
Project("{9A19103F-16F7-4668-BE54-9A1E7A4F7556}") = "MyFramework", "MyFramework\MyFramework.csproj", "{25CE4FBE-C174-4033-8530-F80C4D72AE6E}"
EndProject
Project("{2150E333-8FDC-42A3-9474-1A3956D46DE8}") = "Sample1", "Sample1", "{E9BB6FFF-1C6D-40CB-ACD3-7B80595509D1}"
EndProject
Project("{9A19103F-16F7-4668-BE54-9A1E7A4F7556}") = "Chapter1Sample1App", "Chapter1Sample1App\Chapter1Sample1App.csproj", "{0B7C7C57-6DEC-48B7-BC0D-2F8ECDC11F8C}"
EndProject
Project("{2150E333-8FDC-42A3-9474-1A3956D46DE8}") = "Sample2", "Sample2", "{01A6BBA9-D108-4A59-9DD2-23A11A3E4870}"
EndProject
Project("{FAE04EC0-301F-11D3-BF4B-00C04F79EFBC}") = "Chapter1Sample2App", "Chapter1Sample2App\Chapter1Sample2App.csproj", "{D60D92D5-78BB-478D-BD38-7B32A24AF218}"
EndProject
Project("{2150E333-8FDC-42A3-9474-1A3956D46DE8}") = "Sample3", "Sample3", "{E5731674-2D99-4E71-A097-D916CB392E32}"
EndProject
Project("{FAE04EC0-301F-11D3-BF4B-00C04F79EFBC}") = "Chapter1Sample3App", "Chapter1Sample3App\Chapter1Sample3App.csproj", "{F1143844-3A8C-428E-9240-94E9AAA5CA1A}"
EndProject
Project("{2150E333-8FDC-42A3-9474-1A3956D46DE8}") = "Sample1", "Sample1", "{A3C9306B-D858-4B44-A438-4E8F34DC4764}"
EndProject
Project("{2150E333-8FDC-42A3-9474-1A3956D46DE8}") = "Sample2", "Sample2", "{52EDAE07-ED52-490F-A8BB-B56DE7818961}"
EndProject
Project("{2150E333-8FDC-42A3-9474-1A3956D46DE8}") = "Sample3", "Sample3", "{75DD7A01-1D01-43BE-86BA-CDEDAD08B3AD}"
EndProject
Project("{FAE04EC0-301F-11D3-BF4B-00C04F79EFBC}") = "Chapter3Sample1App", "Chapter3Sample1App\Chapter3Sample1App.csproj", "{61C1ACF5-7885-4CFC-BEFA-3C21EE34458E}"
EndProject
Project("{FAE04EC0-301F-11D3-BF4B-00C04F79EFBC}") = "Chapter3Sample2App", "Chapter3Sample2App\Chapter3Sample2App.csproj", "{6C3B6042-CC9C-4562-80F8-2D546CC55C2B}"
EndProject
Global
	GlobalSection(SolutionConfigurationPlatforms) = preSolution
		Debug|Any CPU = Debug|Any CPU
		Release|Any CPU = Release|Any CPU
	EndGlobalSection
	GlobalSection(ProjectConfigurationPlatforms) = postSolution
		{25CE4FBE-C174-4033-8530-F80C4D72AE6E}.Debug|Any CPU.ActiveCfg = Debug|Any CPU
		{25CE4FBE-C174-4033-8530-F80C4D72AE6E}.Debug|Any CPU.Build.0 = Debug|Any CPU
		{25CE4FBE-C174-4033-8530-F80C4D72AE6E}.Release|Any CPU.ActiveCfg = Release|Any CPU
		{25CE4FBE-C174-4033-8530-F80C4D72AE6E}.Release|Any CPU.Build.0 = Release|Any CPU
		{0B7C7C57-6DEC-48B7-BC0D-2F8ECDC11F8C}.Debug|Any CPU.ActiveCfg = Debug|Any CPU
		{0B7C7C57-6DEC-48B7-BC0D-2F8ECDC11F8C}.Debug|Any CPU.Build.0 = Debug|Any CPU
		{0B7C7C57-6DEC-48B7-BC0D-2F8ECDC11F8C}.Release|Any CPU.ActiveCfg = Release|Any CPU
		{0B7C7C57-6DEC-48B7-BC0D-2F8ECDC11F8C}.Release|Any CPU.Build.0 = Release|Any CPU
		{D60D92D5-78BB-478D-BD38-7B32A24AF218}.Debug|Any CPU.ActiveCfg = Debug|Any CPU
		{D60D92D5-78BB-478D-BD38-7B32A24AF218}.Debug|Any CPU.Build.0 = Debug|Any CPU
		{D60D92D5-78BB-478D-BD38-7B32A24AF218}.Release|Any CPU.ActiveCfg = Release|Any CPU
		{D60D92D5-78BB-478D-BD38-7B32A24AF218}.Release|Any CPU.Build.0 = Release|Any CPU
		{F1143844-3A8C-428E-9240-94E9AAA5CA1A}.Debug|Any CPU.ActiveCfg = Debug|Any CPU
		{F1143844-3A8C-428E-9240-94E9AAA5CA1A}.Debug|Any CPU.Build.0 = Debug|Any CPU
		{F1143844-3A8C-428E-9240-94E9AAA5CA1A}.Release|Any CPU.ActiveCfg = Release|Any CPU
		{F1143844-3A8C-428E-9240-94E9AAA5CA1A}.Release|Any CPU.Build.0 = Release|Any CPU
		{61C1ACF5-7885-4CFC-BEFA-3C21EE34458E}.Debug|Any CPU.ActiveCfg = Debug|Any CPU
		{61C1ACF5-7885-4CFC-BEFA-3C21EE34458E}.Debug|Any CPU.Build.0 = Debug|Any CPU
		{61C1ACF5-7885-4CFC-BEFA-3C21EE34458E}.Release|Any CPU.ActiveCfg = Release|Any CPU
		{61C1ACF5-7885-4CFC-BEFA-3C21EE34458E}.Release|Any CPU.Build.0 = Release|Any CPU
		{6C3B6042-CC9C-4562-80F8-2D546CC55C2B}.Debug|Any CPU.ActiveCfg = Debug|Any CPU
		{6C3B6042-CC9C-4562-80F8-2D546CC55C2B}.Debug|Any CPU.Build.0 = Debug|Any CPU
		{6C3B6042-CC9C-4562-80F8-2D546CC55C2B}.Release|Any CPU.ActiveCfg = Release|Any CPU
		{6C3B6042-CC9C-4562-80F8-2D546CC55C2B}.Release|Any CPU.Build.0 = Release|Any CPU
	EndGlobalSection
	GlobalSection(SolutionProperties) = preSolution
		HideSolutionNode = FALSE
	EndGlobalSection
	GlobalSection(NestedProjects) = preSolution
		{8F4AF320-3BE5-4CE2-A53D-F05BDBA4777D} = {B69CA07B-A65E-40A9-B3B7-F5867B521E10}
		{363044EE-5757-49E5-829F-22024361F050} = {B69CA07B-A65E-40A9-B3B7-F5867B521E10}
		{FA8D0D98-8162-435A-BBB5-1EF2224C912B} = {B69CA07B-A65E-40A9-B3B7-F5867B521E10}
		{440D679C-775F-496D-B7FD-094BDFDE0903} = {363044EE-5757-49E5-829F-22024361F050}
		{2727773A-EDE3-4544-AE93-E5D66EF4809F} = {363044EE-5757-49E5-829F-22024361F050}
		{25CE4FBE-C174-4033-8530-F80C4D72AE6E} = {52EDAE07-ED52-490F-A8BB-B56DE7818961}
		{E9BB6FFF-1C6D-40CB-ACD3-7B80595509D1} = {8F4AF320-3BE5-4CE2-A53D-F05BDBA4777D}
		{0B7C7C57-6DEC-48B7-BC0D-2F8ECDC11F8C} = {E9BB6FFF-1C6D-40CB-ACD3-7B80595509D1}
		{01A6BBA9-D108-4A59-9DD2-23A11A3E4870} = {8F4AF320-3BE5-4CE2-A53D-F05BDBA4777D}
		{D60D92D5-78BB-478D-BD38-7B32A24AF218} = {01A6BBA9-D108-4A59-9DD2-23A11A3E4870}
		{E5731674-2D99-4E71-A097-D916CB392E32} = {8F4AF320-3BE5-4CE2-A53D-F05BDBA4777D}
		{F1143844-3A8C-428E-9240-94E9AAA5CA1A} = {E5731674-2D99-4E71-A097-D916CB392E32}
		{A3C9306B-D858-4B44-A438-4E8F34DC4764} = {FA8D0D98-8162-435A-BBB5-1EF2224C912B}
		{52EDAE07-ED52-490F-A8BB-B56DE7818961} = {FA8D0D98-8162-435A-BBB5-1EF2224C912B}
		{75DD7A01-1D01-43BE-86BA-CDEDAD08B3AD} = {FA8D0D98-8162-435A-BBB5-1EF2224C912B}
		{61C1ACF5-7885-4CFC-BEFA-3C21EE34458E} = {A3C9306B-D858-4B44-A438-4E8F34DC4764}
		{6C3B6042-CC9C-4562-80F8-2D546CC55C2B} = {52EDAE07-ED52-490F-A8BB-B56DE7818961}
	EndGlobalSection
	GlobalSection(ExtensibilityGlobals) = postSolution
		SolutionGuid = {1CEFB4CC-B670-4F64-8438-E249CFE1D5EC}
	EndGlobalSection
EndGlobal
